
Microsoft Visual Studio Solution File, Format Version 12.00
# Visual Studio 15
VisualStudioVersion = 15.0.27428.1
MinimumVisualStudioVersion = 10.0.40219.1
Project("{FAE04EC0-301F-11D3-BF4B-00C04F79EFBC}") = "Vigenere_Sifreleme", "Vigenere_Sifreleme\Vigenere_Sifreleme.csproj", "{DB1F2469-13D5-4055-8954-DAE9BCF97609}"
EndProject
Global
	GlobalSection(SolutionConfigurationPlatforms) = preSolution
		Debug|Any CPU = Debug|Any CPU
		Release|Any CPU = Release|Any CPU
	EndGlobalSection
	GlobalSection(ProjectConfigurationPlatforms) = postSolution
		{DB1F2469-13D5-4055-8954-DAE9BCF97609}.Debug|Any CPU.ActiveCfg = Debug|Any CPU
		{DB1F2469-13D5-4055-8954-DAE9BCF97609}.Debug|Any CPU.Build.0 = Debug|Any CPU
		{DB1F2469-13D5-4055-8954-DAE9BCF97609}.Release|Any CPU.ActiveCfg = Release|Any CPU
		{DB1F2469-13D5-4055-8954-DAE9BCF97609}.Release|Any CPU.Build.0 = Release|Any CPU
	EndGlobalSection
	GlobalSection(SolutionProperties) = preSolution
		HideSolutionNode = FALSE
	EndGlobalSection
	GlobalSection(ExtensibilityGlobals) = postSolution
		SolutionGuid = {A41BF0D2-0A00-4B0A-A161-A5D2CBCBD9FF}
	EndGlobalSection
EndGlobal
